
Microsoft Visual Studio Solution File, Format Version 12.00
# Visual Studio Version 17
VisualStudioVersion = 17.5.33530.505
MinimumVisualStudioVersion = 10.0.40219.1
Project("{FAE04EC0-301F-11D3-BF4B-00C04F79EFBC}") = "Lab 1 - C# Basics", "Lab 1 - C# Basics.csproj", "{3F8538A9-AB7C-4562-B438-06A4AF105A90}"
EndProject
Global
	GlobalSection(SolutionConfigurationPlatforms) = preSolution
		Debug|Any CPU = Debug|Any CPU
		Release|Any CPU = Release|Any CPU
	EndGlobalSection
	GlobalSection(ProjectConfigurationPlatforms) = postSolution
		{3F8538A9-AB7C-4562-B438-06A4AF105A90}.Debug|Any CPU.ActiveCfg = Debug|Any CPU
		{3F8538A9-AB7C-4562-B438-06A4AF105A90}.Debug|Any CPU.Build.0 = Debug|Any CPU
		{3F8538A9-AB7C-4562-B438-06A4AF105A90}.Release|Any CPU.ActiveCfg = Release|Any CPU
		{3F8538A9-AB7C-4562-B438-06A4AF105A90}.Release|Any CPU.Build.0 = Release|Any CPU
	EndGlobalSection
	GlobalSection(SolutionProperties) = preSolution
		HideSolutionNode = FALSE
	EndGlobalSection
	GlobalSection(ExtensibilityGlobals) = postSolution
		SolutionGuid = {CB3FBF07-8266-4C8F-9F0A-EA15712FA76F}
	EndGlobalSection
EndGlobal
