
Microsoft Visual Studio Solution File, Format Version 12.00
# Visual Studio Version 17
VisualStudioVersion = 17.5.33516.290
MinimumVisualStudioVersion = 10.0.40219.1
Project("{FAE04EC0-301F-11D3-BF4B-00C04F79EFBC}") = "Midterm", "Midterm.csproj", "{1B978443-9957-4BCE-B121-D6C2D17C9B07}"
EndProject
Global
	GlobalSection(SolutionConfigurationPlatforms) = preSolution
		Debug|Any CPU = Debug|Any CPU
		Release|Any CPU = Release|Any CPU
	EndGlobalSection
	GlobalSection(ProjectConfigurationPlatforms) = postSolution
		{1B978443-9957-4BCE-B121-D6C2D17C9B07}.Debug|Any CPU.ActiveCfg = Debug|Any CPU
		{1B978443-9957-4BCE-B121-D6C2D17C9B07}.Debug|Any CPU.Build.0 = Debug|Any CPU
		{1B978443-9957-4BCE-B121-D6C2D17C9B07}.Release|Any CPU.ActiveCfg = Release|Any CPU
		{1B978443-9957-4BCE-B121-D6C2D17C9B07}.Release|Any CPU.Build.0 = Release|Any CPU
	EndGlobalSection
	GlobalSection(SolutionProperties) = preSolution
		HideSolutionNode = FALSE
	EndGlobalSection
	GlobalSection(ExtensibilityGlobals) = postSolution
		SolutionGuid = {831C8BD0-E27F-4139-8500-E4CFEA405911}
	EndGlobalSection
EndGlobal
